<Solution>
  <Folder Name="/Solution Items/">
    <File Path=".env" />
    <File Path="docker-compose.yml" />
  </Folder>
  <Project Path="FeatureFolio.Application/FeatureFolio.Application.csproj" />
  <Project Path="FeatureFolio.Domain/FeatureFolio.Domain.csproj" />
  <Project Path="FeatureFolio.Infrastructure/FeatureFolio.Infrastructure.csproj" />
  <Project Path="FeatureFolioAPI/FeatureFolio.API.csproj" />
</Solution>
